
Microsoft Visual Studio Solution File, Format Version 12.00
# Visual Studio Version 17
VisualStudioVersion = 17.11.35312.102
MinimumVisualStudioVersion = 10.0.40219.1
Project("{2150E333-8FDC-42A3-9474-1A3956D46DE8}") = "app", "app", "{EAC02397-69F8-4043-9C0D-BED4A03AD3F1}"
EndProject
Project("{2150E333-8FDC-42A3-9474-1A3956D46DE8}") = "Building Blocks", "Building Blocks", "{F3AB50BD-C2AD-43F9-B0C2-9726C408BB61}"
EndProject
Project("{2150E333-8FDC-42A3-9474-1A3956D46DE8}") = "Services", "Services", "{D520D4DA-949C-43AD-8619-2E9B20058DC4}"
EndProject
Project("{2150E333-8FDC-42A3-9474-1A3956D46DE8}") = "Web", "Web", "{9FBDFEC3-80B2-4029-A3EF-75BC9A983804}"
EndProject
Project("{2150E333-8FDC-42A3-9474-1A3956D46DE8}") = "Identidade", "Identidade", "{D0E35C40-91D2-4AA7-B280-2711D14C2AE9}"
EndProject
Project("{9A19103F-16F7-4668-BE54-9A1E7A4F7556}") = "NSE.Identidade.API", "app\services\NSE.Identidade.API\NSE.Identidade.API.csproj", "{462834DB-86AE-47D5-A92F-596B422BE710}"
EndProject
Project("{2150E333-8FDC-42A3-9474-1A3956D46DE8}") = "MVC", "MVC", "{EB1B94FF-73EF-4C71-B0E5-CA8E1AC8A807}"
EndProject
Project("{FAE04EC0-301F-11D3-BF4B-00C04F79EFBC}") = "NSE.WebApp.MVC", "app\web\NSE.WebApp.MVC\NSE.WebApp.MVC.csproj", "{8CE00D78-ECF7-4337-BDAC-16FB0942402B}"
EndProject
Project("{2150E333-8FDC-42A3-9474-1A3956D46DE8}") = "Core", "Core", "{8EEA5C8F-A39D-404B-AD20-4C74D56C9E6B}"
EndProject
Project("{FAE04EC0-301F-11D3-BF4B-00C04F79EFBC}") = "NSE.Core", "app\building blocks\NSE.Core\NSE.Core.csproj", "{429E5DD7-9305-4222-937F-202D5159FC59}"
EndProject
Project("{2150E333-8FDC-42A3-9474-1A3956D46DE8}") = "Carrinho", "Carrinho", "{4A1BAB40-97BE-4271-8D77-829392A12282}"
EndProject
Project("{2150E333-8FDC-42A3-9474-1A3956D46DE8}") = "Catalogo", "Catalogo", "{8EDDC3AF-B13B-4B95-BE53-642429A6E9A0}"
EndProject
Project("{2150E333-8FDC-42A3-9474-1A3956D46DE8}") = "Cliente", "Cliente", "{4DBCB9CE-C023-4370-8A6D-DF18C3CFD186}"
EndProject
Project("{2150E333-8FDC-42A3-9474-1A3956D46DE8}") = "Pagamento", "Pagamento", "{4D2AC773-2086-466A-AAB8-62E0994F4A06}"
EndProject
Project("{2150E333-8FDC-42A3-9474-1A3956D46DE8}") = "Pedido", "Pedido", "{1C60570E-0EFE-43FA-8213-AE58851FA7BD}"
EndProject
Project("{FAE04EC0-301F-11D3-BF4B-00C04F79EFBC}") = "NSE.Carrinho.API", "app\services\NSE.Carrinho.API\NSE.Carrinho.API.csproj", "{BF764677-7313-44C6-BF71-5CE16172FF5D}"
EndProject
Project("{FAE04EC0-301F-11D3-BF4B-00C04F79EFBC}") = "NSE.Catalogo.API", "app\services\NSE.Catalogo.API\NSE.Catalogo.API.csproj", "{9D8425E3-0CDB-4086-8AAE-5897535665EC}"
EndProject
Project("{FAE04EC0-301F-11D3-BF4B-00C04F79EFBC}") = "NSE.Cliente.API", "app\services\NSE.Cliente.API\NSE.Cliente.API.csproj", "{81DEA0F7-E873-4DE2-9321-54F337F2EC3F}"
EndProject
Project("{FAE04EC0-301F-11D3-BF4B-00C04F79EFBC}") = "NSE.Pagamento.API", "app\services\NSE.Pagamento.API\NSE.Pagamento.API.csproj", "{8800390B-CBC0-46DC-B97E-5A0D777F0AC2}"
EndProject
Project("{FAE04EC0-301F-11D3-BF4B-00C04F79EFBC}") = "NSE.Pedido.API", "app\services\NSE.Pedido.API\NSE.Pedido.API.csproj", "{73B721CD-C31E-4DCF-AA66-3F587C65F402}"
EndProject
Global
	GlobalSection(SolutionConfigurationPlatforms) = preSolution
		Debug|Any CPU = Debug|Any CPU
		Release|Any CPU = Release|Any CPU
	EndGlobalSection
	GlobalSection(ProjectConfigurationPlatforms) = postSolution
		{462834DB-86AE-47D5-A92F-596B422BE710}.Debug|Any CPU.ActiveCfg = Debug|Any CPU
		{462834DB-86AE-47D5-A92F-596B422BE710}.Debug|Any CPU.Build.0 = Debug|Any CPU
		{462834DB-86AE-47D5-A92F-596B422BE710}.Release|Any CPU.ActiveCfg = Release|Any CPU
		{462834DB-86AE-47D5-A92F-596B422BE710}.Release|Any CPU.Build.0 = Release|Any CPU
		{8CE00D78-ECF7-4337-BDAC-16FB0942402B}.Debug|Any CPU.ActiveCfg = Debug|Any CPU
		{8CE00D78-ECF7-4337-BDAC-16FB0942402B}.Debug|Any CPU.Build.0 = Debug|Any CPU
		{8CE00D78-ECF7-4337-BDAC-16FB0942402B}.Release|Any CPU.ActiveCfg = Release|Any CPU
		{8CE00D78-ECF7-4337-BDAC-16FB0942402B}.Release|Any CPU.Build.0 = Release|Any CPU
		{429E5DD7-9305-4222-937F-202D5159FC59}.Debug|Any CPU.ActiveCfg = Debug|Any CPU
		{429E5DD7-9305-4222-937F-202D5159FC59}.Debug|Any CPU.Build.0 = Debug|Any CPU
		{429E5DD7-9305-4222-937F-202D5159FC59}.Release|Any CPU.ActiveCfg = Release|Any CPU
		{429E5DD7-9305-4222-937F-202D5159FC59}.Release|Any CPU.Build.0 = Release|Any CPU
		{BF764677-7313-44C6-BF71-5CE16172FF5D}.Debug|Any CPU.ActiveCfg = Debug|Any CPU
		{BF764677-7313-44C6-BF71-5CE16172FF5D}.Debug|Any CPU.Build.0 = Debug|Any CPU
		{BF764677-7313-44C6-BF71-5CE16172FF5D}.Release|Any CPU.ActiveCfg = Release|Any CPU
		{BF764677-7313-44C6-BF71-5CE16172FF5D}.Release|Any CPU.Build.0 = Release|Any CPU
		{9D8425E3-0CDB-4086-8AAE-5897535665EC}.Debug|Any CPU.ActiveCfg = Debug|Any CPU
		{9D8425E3-0CDB-4086-8AAE-5897535665EC}.Debug|Any CPU.Build.0 = Debug|Any CPU
		{9D8425E3-0CDB-4086-8AAE-5897535665EC}.Release|Any CPU.ActiveCfg = Release|Any CPU
		{9D8425E3-0CDB-4086-8AAE-5897535665EC}.Release|Any CPU.Build.0 = Release|Any CPU
		{81DEA0F7-E873-4DE2-9321-54F337F2EC3F}.Debug|Any CPU.ActiveCfg = Debug|Any CPU
		{81DEA0F7-E873-4DE2-9321-54F337F2EC3F}.Debug|Any CPU.Build.0 = Debug|Any CPU
		{81DEA0F7-E873-4DE2-9321-54F337F2EC3F}.Release|Any CPU.ActiveCfg = Release|Any CPU
		{81DEA0F7-E873-4DE2-9321-54F337F2EC3F}.Release|Any CPU.Build.0 = Release|Any CPU
		{8800390B-CBC0-46DC-B97E-5A0D777F0AC2}.Debug|Any CPU.ActiveCfg = Debug|Any CPU
		{8800390B-CBC0-46DC-B97E-5A0D777F0AC2}.Debug|Any CPU.Build.0 = Debug|Any CPU
		{8800390B-CBC0-46DC-B97E-5A0D777F0AC2}.Release|Any CPU.ActiveCfg = Release|Any CPU
		{8800390B-CBC0-46DC-B97E-5A0D777F0AC2}.Release|Any CPU.Build.0 = Release|Any CPU
		{73B721CD-C31E-4DCF-AA66-3F587C65F402}.Debug|Any CPU.ActiveCfg = Debug|Any CPU
		{73B721CD-C31E-4DCF-AA66-3F587C65F402}.Debug|Any CPU.Build.0 = Debug|Any CPU
		{73B721CD-C31E-4DCF-AA66-3F587C65F402}.Release|Any CPU.ActiveCfg = Release|Any CPU
		{73B721CD-C31E-4DCF-AA66-3F587C65F402}.Release|Any CPU.Build.0 = Release|Any CPU
	EndGlobalSection
	GlobalSection(SolutionProperties) = preSolution
		HideSolutionNode = FALSE
	EndGlobalSection
	GlobalSection(NestedProjects) = preSolution
		{F3AB50BD-C2AD-43F9-B0C2-9726C408BB61} = {EAC02397-69F8-4043-9C0D-BED4A03AD3F1}
		{D520D4DA-949C-43AD-8619-2E9B20058DC4} = {EAC02397-69F8-4043-9C0D-BED4A03AD3F1}
		{9FBDFEC3-80B2-4029-A3EF-75BC9A983804} = {EAC02397-69F8-4043-9C0D-BED4A03AD3F1}
		{D0E35C40-91D2-4AA7-B280-2711D14C2AE9} = {D520D4DA-949C-43AD-8619-2E9B20058DC4}
		{462834DB-86AE-47D5-A92F-596B422BE710} = {D0E35C40-91D2-4AA7-B280-2711D14C2AE9}
		{EB1B94FF-73EF-4C71-B0E5-CA8E1AC8A807} = {9FBDFEC3-80B2-4029-A3EF-75BC9A983804}
		{8CE00D78-ECF7-4337-BDAC-16FB0942402B} = {EB1B94FF-73EF-4C71-B0E5-CA8E1AC8A807}
		{8EEA5C8F-A39D-404B-AD20-4C74D56C9E6B} = {F3AB50BD-C2AD-43F9-B0C2-9726C408BB61}
		{429E5DD7-9305-4222-937F-202D5159FC59} = {8EEA5C8F-A39D-404B-AD20-4C74D56C9E6B}
		{4A1BAB40-97BE-4271-8D77-829392A12282} = {D520D4DA-949C-43AD-8619-2E9B20058DC4}
		{8EDDC3AF-B13B-4B95-BE53-642429A6E9A0} = {D520D4DA-949C-43AD-8619-2E9B20058DC4}
		{4DBCB9CE-C023-4370-8A6D-DF18C3CFD186} = {D520D4DA-949C-43AD-8619-2E9B20058DC4}
		{4D2AC773-2086-466A-AAB8-62E0994F4A06} = {D520D4DA-949C-43AD-8619-2E9B20058DC4}
		{1C60570E-0EFE-43FA-8213-AE58851FA7BD} = {D520D4DA-949C-43AD-8619-2E9B20058DC4}
		{BF764677-7313-44C6-BF71-5CE16172FF5D} = {4A1BAB40-97BE-4271-8D77-829392A12282}
		{9D8425E3-0CDB-4086-8AAE-5897535665EC} = {8EDDC3AF-B13B-4B95-BE53-642429A6E9A0}
		{81DEA0F7-E873-4DE2-9321-54F337F2EC3F} = {4DBCB9CE-C023-4370-8A6D-DF18C3CFD186}
		{8800390B-CBC0-46DC-B97E-5A0D777F0AC2} = {4D2AC773-2086-466A-AAB8-62E0994F4A06}
		{73B721CD-C31E-4DCF-AA66-3F587C65F402} = {1C60570E-0EFE-43FA-8213-AE58851FA7BD}
	EndGlobalSection
	GlobalSection(ExtensibilityGlobals) = postSolution
		SolutionGuid = {D4AE1F2B-CF26-44BF-B376-04A4E54A1F63}
	EndGlobalSection
EndGlobal
